// !$*UTF8*$!
{
	archiveVersion = 1;
	classes = {
	};
	objectVersion = 50;
	objects = {

/* Begin PBXBuildFile section */
		96533E21250699EE0015E74E /* HistoryVC.swift in Sources */ = {isa = PBXBuildFile; fileRef = 96533E20250699EE0015E74E /* HistoryVC.swift */; };
		9670A03A2507FA7400DA550D /* HistoryTVCell.swift in Sources */ = {isa = PBXBuildFile; fileRef = 9670A0392507FA7400DA550D /* HistoryTVCell.swift */; };
		9671940225054D8E001DF161 /* Xcalculator.xcdatamodeld in Sources */ = {isa = PBXBuildFile; fileRef = 9671940025054D8E001DF161 /* Xcalculator.xcdatamodeld */; };
		96DA52EC24F41C270012DA75 /* AppDelegate.swift in Sources */ = {isa = PBXBuildFile; fileRef = 96DA52EB24F41C270012DA75 /* AppDelegate.swift */; };
		96DA52EE24F41C270012DA75 /* SceneDelegate.swift in Sources */ = {isa = PBXBuildFile; fileRef = 96DA52ED24F41C270012DA75 /* SceneDelegate.swift */; };
		96DA52F024F41C270012DA75 /* ViewController.swift in Sources */ = {isa = PBXBuildFile; fileRef = 96DA52EF24F41C270012DA75 /* ViewController.swift */; };
		96DA52F324F41C270012DA75 /* Main.storyboard in Resources */ = {isa = PBXBuildFile; fileRef = 96DA52F124F41C270012DA75 /* Main.storyboard */; };
		96DA52F524F41C2A0012DA75 /* Assets.xcassets in Resources */ = {isa = PBXBuildFile; fileRef = 96DA52F424F41C2A0012DA75 /* Assets.xcassets */; };
		96DA52F824F41C2A0012DA75 /* LaunchScreen.storyboard in Resources */ = {isa = PBXBuildFile; fileRef = 96DA52F624F41C2A0012DA75 /* LaunchScreen.storyboard */; };
		96DC437A24F92C6700D75453 /* CppCode.cpp in Sources */ = {isa = PBXBuildFile; fileRef = 96DC437824F92C6700D75453 /* CppCode.cpp */; };
		96DC437C24F92F2500D75453 /* CppWrapper.mm in Sources */ = {isa = PBXBuildFile; fileRef = 96DC437B24F92F2500D75453 /* CppWrapper.mm */; };
/* End PBXBuildFile section */

/* Begin PBXFileReference section */
		96533E20250699EE0015E74E /* HistoryVC.swift */ = {isa = PBXFileReference; lastKnownFileType = sourcecode.swift; path = HistoryVC.swift; sourceTree = "<group>"; };
		9670A0392507FA7400DA550D /* HistoryTVCell.swift */ = {isa = PBXFileReference; lastKnownFileType = sourcecode.swift; path = HistoryTVCell.swift; sourceTree = "<group>"; };
		9671940125054D8E001DF161 /* Xcalculator.xcdatamodel */ = {isa = PBXFileReference; lastKnownFileType = wrapper.xcdatamodel; path = Xcalculator.xcdatamodel; sourceTree = "<group>"; };
		96DA52E824F41C270012DA75 /* Xcalculator.app */ = {isa = PBXFileReference; explicitFileType = wrapper.application; includeInIndex = 0; path = Xcalculator.app; sourceTree = BUILT_PRODUCTS_DIR; };
		96DA52EB24F41C270012DA75 /* AppDelegate.swift */ = {isa = PBXFileReference; lastKnownFileType = sourcecode.swift; path = AppDelegate.swift; sourceTree = "<group>"; };
		96DA52ED24F41C270012DA75 /* SceneDelegate.swift */ = {isa = PBXFileReference; lastKnownFileType = sourcecode.swift; path = SceneDelegate.swift; sourceTree = "<group>"; };
		96DA52EF24F41C270012DA75 /* ViewController.swift */ = {isa = PBXFileReference; lastKnownFileType = sourcecode.swift; path = ViewController.swift; sourceTree = "<group>"; };
		96DA52F224F41C270012DA75 /* Base */ = {isa = PBXFileReference; lastKnownFileType = file.storyboard; name = Base; path = Base.lproj/Main.storyboard; sourceTree = "<group>"; };
		96DA52F424F41C2A0012DA75 /* Assets.xcassets */ = {isa = PBXFileReference; lastKnownFileType = folder.assetcatalog; path = Assets.xcassets; sourceTree = "<group>"; };
		96DA52F724F41C2A0012DA75 /* Base */ = {isa = PBXFileReference; lastKnownFileType = file.storyboard; name = Base; path = Base.lproj/LaunchScreen.storyboard; sourceTree = "<group>"; };
		96DA52F924F41C2A0012DA75 /* Info.plist */ = {isa = PBXFileReference; lastKnownFileType = text.plist.xml; path = Info.plist; sourceTree = "<group>"; };
		96DC437724F92C6600D75453 /* Xcalculator-Bridging-Header.h */ = {isa = PBXFileReference; lastKnownFileType = sourcecode.c.h; path = "Xcalculator-Bridging-Header.h"; sourceTree = "<group>"; };
		96DC437824F92C6700D75453 /* CppCode.cpp */ = {isa = PBXFileReference; lastKnownFileType = sourcecode.cpp.cpp; path = CppCode.cpp; sourceTree = "<group>"; };
		96DC437924F92C6700D75453 /* CppCode.hpp */ = {isa = PBXFileReference; lastKnownFileType = sourcecode.cpp.h; path = CppCode.hpp; sourceTree = "<group>"; };
		96DC437B24F92F2500D75453 /* CppWrapper.mm */ = {isa = PBXFileReference; lastKnownFileType = sourcecode.cpp.objcpp; path = CppWrapper.mm; sourceTree = "<group>"; };
		96DC437D24F92F5300D75453 /* CppWrapper.h */ = {isa = PBXFileReference; lastKnownFileType = sourcecode.c.h; path = CppWrapper.h; sourceTree = "<group>"; };
/* End PBXFileReference section */

/* Begin PBXFrameworksBuildPhase section */
		96DA52E524F41C270012DA75 /* Frameworks */ = {
			isa = PBXFrameworksBuildPhase;
			buildActionMask = 2147483647;
			files = (
			);
			runOnlyForDeploymentPostprocessing = 0;
		};
/* End PBXFrameworksBuildPhase section */

/* Begin PBXGroup section */
		962554F2250BD74200AE183F /* Classes */ = {
			isa = PBXGroup;
			children = (
				962554F3250BD76D00AE183F /* App */,
				962554F4250BD7BE00AE183F /* Model */,
				962554F5250BD84700AE183F /* View */,
				962554F6250BD89100AE183F /* Controller */,
				962554F8250BDA9F00AE183F /* Utilities */,
				962554F7250BD93C00AE183F /* Resources */,
			);
			path = Classes;
			sourceTree = "<group>";
		};
		962554F3250BD76D00AE183F /* App */ = {
			isa = PBXGroup;
			children = (
				96DA52EB24F41C270012DA75 /* AppDelegate.swift */,
				96DA52ED24F41C270012DA75 /* SceneDelegate.swift */,
			);
			path = App;
			sourceTree = "<group>";
		};
		962554F4250BD7BE00AE183F /* Model */ = {
			isa = PBXGroup;
			children = (
				9671940025054D8E001DF161 /* Xcalculator.xcdatamodeld */,
			);
			path = Model;
			sourceTree = "<group>";
		};
		962554F5250BD84700AE183F /* View */ = {
			isa = PBXGroup;
			children = (
				9670A0392507FA7400DA550D /* HistoryTVCell.swift */,
			);
			path = View;
			sourceTree = "<group>";
		};
		962554F6250BD89100AE183F /* Controller */ = {
			isa = PBXGroup;
			children = (
				96DA52EF24F41C270012DA75 /* ViewController.swift */,
				96533E20250699EE0015E74E /* HistoryVC.swift */,
			);
			path = Controller;
			sourceTree = "<group>";
		};
		962554F7250BD93C00AE183F /* Resources */ = {
			isa = PBXGroup;
			children = (
				96DA52F624F41C2A0012DA75 /* LaunchScreen.storyboard */,
				96DA52F124F41C270012DA75 /* Main.storyboard */,
				96DA52F424F41C2A0012DA75 /* Assets.xcassets */,
			);
			path = Resources;
			sourceTree = "<group>";
		};
		962554F8250BDA9F00AE183F /* Utilities */ = {
			isa = PBXGroup;
			children = (
				962554F9250BDABD00AE183F /* CPP */,
			);
			path = Utilities;
			sourceTree = "<group>";
		};
		962554F9250BDABD00AE183F /* CPP */ = {
			isa = PBXGroup;
			children = (
				96DC437824F92C6700D75453 /* CppCode.cpp */,
				96DC437B24F92F2500D75453 /* CppWrapper.mm */,
				96DC437D24F92F5300D75453 /* CppWrapper.h */,
				96DC437924F92C6700D75453 /* CppCode.hpp */,
			);
			path = CPP;
			sourceTree = "<group>";
		};
		96DA52DF24F41C270012DA75 = {
			isa = PBXGroup;
			children = (
				96DA52EA24F41C270012DA75 /* Xcalculator */,
				96DA52E924F41C270012DA75 /* Products */,
			);
			sourceTree = "<group>";
		};
		96DA52E924F41C270012DA75 /* Products */ = {
			isa = PBXGroup;
			children = (
				96DA52E824F41C270012DA75 /* Xcalculator.app */,
			);
			name = Products;
			sourceTree = "<group>";
		};
		96DA52EA24F41C270012DA75 /* Xcalculator */ = {
			isa = PBXGroup;
			children = (
				962554F2250BD74200AE183F /* Classes */,
				96DC437724F92C6600D75453 /* Xcalculator-Bridging-Header.h */,
				96DA52F924F41C2A0012DA75 /* Info.plist */,
			);
			path = Xcalculator;
			sourceTree = "<group>";
		};
/* End PBXGroup section */

/* Begin PBXNativeTarget section */
		96DA52E724F41C270012DA75 /* Xcalculator */ = {
			isa = PBXNativeTarget;
			buildConfigurationList = 96DA52FC24F41C2A0012DA75 /* Build configuration list for PBXNativeTarget "Xcalculator" */;
			buildPhases = (
				96DA52E424F41C270012DA75 /* Sources */,
				96DA52E524F41C270012DA75 /* Frameworks */,
				96DA52E624F41C270012DA75 /* Resources */,
			);
			buildRules = (
			);
			dependencies = (
			);
			name = Xcalculator;
			productName = Xcalculator;
			productReference = 96DA52E824F41C270012DA75 /* Xcalculator.app */;
			productType = "com.apple.product-type.application";
		};
/* End PBXNativeTarget section */

/* Begin PBXProject section */
		96DA52E024F41C270012DA75 /* Project object */ = {
			isa = PBXProject;
			attributes = {
				LastSwiftUpdateCheck = 1120;
				LastUpgradeCheck = 1120;
				ORGANIZATIONNAME = Mindfire;
				TargetAttributes = {
					96DA52E724F41C270012DA75 = {
						CreatedOnToolsVersion = 11.2.1;
						LastSwiftMigration = 1120;
					};
				};
			};
			buildConfigurationList = 96DA52E324F41C270012DA75 /* Build configuration list for PBXProject "Xcalculator" */;
			compatibilityVersion = "Xcode 9.3";
			developmentRegion = en;
			hasScannedForEncodings = 0;
			knownRegions = (
				en,
				Base,
			);
			mainGroup = 96DA52DF24F41C270012DA75;
			productRefGroup = 96DA52E924F41C270012DA75 /* Products */;
			projectDirPath = "";
			projectRoot = "";
			targets = (
				96DA52E724F41C270012DA75 /* Xcalculator */,
			);
		};
/* End PBXProject section */

/* Begin PBXResourcesBuildPhase section */
		96DA52E624F41C270012DA75 /* Resources */ = {
			isa = PBXResourcesBuildPhase;
			buildActionMask = 2147483647;
			files = (
				96DA52F824F41C2A0012DA75 /* LaunchScreen.storyboard in Resources */,
				96DA52F524F41C2A0012DA75 /* Assets.xcassets in Resources */,
				96DA52F324F41C270012DA75 /* Main.storyboard in Resources */,
			);
			runOnlyForDeploymentPostprocessing = 0;
		};
/* End PBXResourcesBuildPhase section */

/* Begin PBXSourcesBuildPhase section */
		96DA52E424F41C270012DA75 /* Sources */ = {
			isa = PBXSourcesBuildPhase;
			buildActionMask = 2147483647;
			files = (
				96533E21250699EE0015E74E /* HistoryVC.swift in Sources */,
				9671940225054D8E001DF161 /* Xcalculator.xcdatamodeld in Sources */,
				9670A03A2507FA7400DA550D /* HistoryTVCell.swift in Sources */,
				96DA52F024F41C270012DA75 /* ViewController.swift in Sources */,
				96DA52EC24F41C270012DA75 /* AppDelegate.swift in Sources */,
				96DC437C24F92F2500D75453 /* CppWrapper.mm in Sources */,
				96DC437A24F92C6700D75453 /* CppCode.cpp in Sources */,
				96DA52EE24F41C270012DA75 /* SceneDelegate.swift in Sources */,
			);
			runOnlyForDeploymentPostprocessing = 0;
		};
/* End PBXSourcesBuildPhase section */

/* Begin PBXVariantGroup section */
		96DA52F124F41C270012DA75 /* Main.storyboard */ = {
			isa = PBXVariantGroup;
			children = (
				96DA52F224F41C270012DA75 /* Base */,
			);
			name = Main.storyboard;
			sourceTree = "<group>";
		};
		96DA52F624F41C2A0012DA75 /* LaunchScreen.storyboard */ = {
			isa = PBXVariantGroup;
			children = (
				96DA52F724F41C2A0012DA75 /* Base */,
			);
			name = LaunchScreen.storyboard;
			sourceTree = "<group>";
		};
/* End PBXVariantGroup section */

/* Begin XCBuildConfiguration section */
		96DA52FA24F41C2A0012DA75 /* Debug */ = {
			isa = XCBuildConfiguration;
			buildSettings = {
				ALWAYS_SEARCH_USER_PATHS = NO;
				CLANG_ANALYZER_NONNULL = YES;
				CLANG_ANALYZER_NUMBER_OBJECT_CONVERSION = YES_AGGRESSIVE;
				CLANG_CXX_LANGUAGE_STANDARD = "gnu++14";
				CLANG_CXX_LIBRARY = "libc++";
				CLANG_ENABLE_MODULES = YES;
				CLANG_ENABLE_OBJC_ARC = YES;
				CLANG_ENABLE_OBJC_WEAK = YES;
				CLANG_WARN_BLOCK_CAPTURE_AUTORELEASING = YES;
				CLANG_WARN_BOOL_CONVERSION = YES;
				CLANG_WARN_COMMA = YES;
				CLANG_WARN_CONSTANT_CONVERSION = YES;
				CLANG_WARN_DEPRECATED_OBJC_IMPLEMENTATIONS = YES;
				CLANG_WARN_DIRECT_OBJC_ISA_USAGE = YES_ERROR;
				CLANG_WARN_DOCUMENTATION_COMMENTS = YES;
				CLANG_WARN_EMPTY_BODY = YES;
				CLANG_WARN_ENUM_CONVERSION = YES;
				CLANG_WARN_INFINITE_RECURSION = YES;
				CLANG_WARN_INT_CONVERSION = YES;
				CLANG_WARN_NON_LITERAL_NULL_CONVERSION = YES;
				CLANG_WARN_OBJC_IMPLICIT_RETAIN_SELF = YES;
				CLANG_WARN_OBJC_LITERAL_CONVERSION = YES;
				CLANG_WARN_OBJC_ROOT_CLASS = YES_ERROR;
				CLANG_WARN_RANGE_LOOP_ANALYSIS = YES;
				CLANG_WARN_STRICT_PROTOTYPES = YES;
				CLANG_WARN_SUSPICIOUS_MOVE = YES;
				CLANG_WARN_UNGUARDED_AVAILABILITY = YES_AGGRESSIVE;
				CLANG_WARN_UNREACHABLE_CODE = YES;
				CLANG_WARN__DUPLICATE_METHOD_MATCH = YES;
				COPY_PHASE_STRIP = NO;
				DEBUG_INFORMATION_FORMAT = dwarf;
				ENABLE_STRICT_OBJC_MSGSEND = YES;
				ENABLE_TESTABILITY = YES;
				GCC_C_LANGUAGE_STANDARD = gnu11;
				GCC_DYNAMIC_NO_PIC = NO;
				GCC_NO_COMMON_BLOCKS = YES;
				GCC_OPTIMIZATION_LEVEL = 0;
				GCC_PREPROCESSOR_DEFINITIONS = (
					"DEBUG=1",
					"$(inherited)",
				);
				GCC_WARN_64_TO_32_BIT_CONVERSION = YES;
				GCC_WARN_ABOUT_RETURN_TYPE = YES_ERROR;
				GCC_WARN_UNDECLARED_SELECTOR = YES;
				GCC_WARN_UNINITIALIZED_AUTOS = YES_AGGRESSIVE;
				GCC_WARN_UNUSED_FUNCTION = YES;
				GCC_WARN_UNUSED_VARIABLE = YES;
				IPHONEOS_DEPLOYMENT_TARGET = 13.2;
				MTL_ENABLE_DEBUG_INFO = INCLUDE_SOURCE;
				MTL_FAST_MATH = YES;
				ONLY_ACTIVE_ARCH = YES;
				SDKROOT = iphoneos;
				SWIFT_ACTIVE_COMPILATION_CONDITIONS = DEBUG;
				SWIFT_OPTIMIZATION_LEVEL = "-Onone";
			};
			name = Debug;
		};
		96DA52FB24F41C2A0012DA75 /* Release */ = {
			isa = XCBuildConfiguration;
			buildSettings = {
				ALWAYS_SEARCH_USER_PATHS = NO;
				CLANG_ANALYZER_NONNULL = YES;
				CLANG_ANALYZER_NUMBER_OBJECT_CONVERSION = YES_AGGRESSIVE;
				CLANG_CXX_LANGUAGE_STANDARD = "gnu++14";
				CLANG_CXX_LIBRARY = "libc++";
				CLANG_ENABLE_MODULES = YES;
				CLANG_ENABLE_OBJC_ARC = YES;
				CLANG_ENABLE_OBJC_WEAK = YES;
				CLANG_WARN_BLOCK_CAPTURE_AUTORELEASING = YES;
				CLANG_WARN_BOOL_CONVERSION = YES;
				CLANG_WARN_COMMA = YES;
				CLANG_WARN_CONSTANT_CONVERSION = YES;
				CLANG_WARN_DEPRECATED_OBJC_IMPLEMENTATIONS = YES;
				CLANG_WARN_DIRECT_OBJC_ISA_USAGE = YES_ERROR;
				CLANG_WARN_DOCUMENTATION_COMMENTS = YES;
				CLANG_WARN_EMPTY_BODY = YES;
				CLANG_WARN_ENUM_CONVERSION = YES;
				CLANG_WARN_INFINITE_RECURSION = YES;
				CLANG_WARN_INT_CONVERSION = YES;
				CLANG_WARN_NON_LITERAL_NULL_CONVERSION = YES;
				CLANG_WARN_OBJC_IMPLICIT_RETAIN_SELF = YES;
				CLANG_WARN_OBJC_LITERAL_CONVERSION = YES;
				CLANG_WARN_OBJC_ROOT_CLASS = YES_ERROR;
				CLANG_WARN_RANGE_LOOP_ANALYSIS = YES;
				CLANG_WARN_STRICT_PROTOTYPES = YES;
				CLANG_WARN_SUSPICIOUS_MOVE = YES;
				CLANG_WARN_UNGUARDED_AVAILABILITY = YES_AGGRESSIVE;
				CLANG_WARN_UNREACHABLE_CODE = YES;
				CLANG_WARN__DUPLICATE_METHOD_MATCH = YES;
				COPY_PHASE_STRIP = NO;
				DEBUG_INFORMATION_FORMAT = "dwarf-with-dsym";
				ENABLE_NS_ASSERTIONS = NO;
				ENABLE_STRICT_OBJC_MSGSEND = YES;
				GCC_C_LANGUAGE_STANDARD = gnu11;
				GCC_NO_COMMON_BLOCKS = YES;
				GCC_WARN_64_TO_32_BIT_CONVERSION = YES;
				GCC_WARN_ABOUT_RETURN_TYPE = YES_ERROR;
				GCC_WARN_UNDECLARED_SELECTOR = YES;
				GCC_WARN_UNINITIALIZED_AUTOS = YES_AGGRESSIVE;
				GCC_WARN_UNUSED_FUNCTION = YES;
				GCC_WARN_UNUSED_VARIABLE = YES;
				IPHONEOS_DEPLOYMENT_TARGET = 13.2;
				MTL_ENABLE_DEBUG_INFO = NO;
				MTL_FAST_MATH = YES;
				SDKROOT = iphoneos;
				SWIFT_COMPILATION_MODE = wholemodule;
				SWIFT_OPTIMIZATION_LEVEL = "-O";
				VALIDATE_PRODUCT = YES;
			};
			name = Release;
		};
		96DA52FD24F41C2A0012DA75 /* Debug */ = {
			isa = XCBuildConfiguration;
			buildSettings = {
				ASSETCATALOG_COMPILER_APPICON_NAME = AppIcon;
				CLANG_ENABLE_MODULES = YES;
				CODE_SIGN_STYLE = Automatic;
				INFOPLIST_FILE = Xcalculator/Info.plist;
				LD_RUNPATH_SEARCH_PATHS = (
					"$(inherited)",
					"@executable_path/Frameworks",
				);
				PRODUCT_BUNDLE_IDENTIFIER = com.mindfire.Xcalculator;
				PRODUCT_NAME = "$(TARGET_NAME)";
				SWIFT_OBJC_BRIDGING_HEADER = "Xcalculator/Xcalculator-Bridging-Header.h";
				SWIFT_OPTIMIZATION_LEVEL = "-Onone";
				SWIFT_VERSION = 5.0;
				TARGETED_DEVICE_FAMILY = "1,2";
			};
			name = Debug;
		};
		96DA52FE24F41C2A0012DA75 /* Release */ = {
			isa = XCBuildConfiguration;
			buildSettings = {
				ASSETCATALOG_COMPILER_APPICON_NAME = AppIcon;
				CLANG_ENABLE_MODULES = YES;
				CODE_SIGN_STYLE = Automatic;
				INFOPLIST_FILE = Xcalculator/Info.plist;
				LD_RUNPATH_SEARCH_PATHS = (
					"$(inherited)",
					"@executable_path/Frameworks",
				);
				PRODUCT_BUNDLE_IDENTIFIER = com.mindfire.Xcalculator;
				PRODUCT_NAME = "$(TARGET_NAME)";
				SWIFT_OBJC_BRIDGING_HEADER = "Xcalculator/Xcalculator-Bridging-Header.h";
				SWIFT_VERSION = 5.0;
				TARGETED_DEVICE_FAMILY = "1,2";
			};
			name = Release;
		};
/* End XCBuildConfiguration section */

/* Begin XCConfigurationList section */
		96DA52E324F41C270012DA75 /* Build configuration list for PBXProject "Xcalculator" */ = {
			isa = XCConfigurationList;
			buildConfigurations = (
				96DA52FA24F41C2A0012DA75 /* Debug */,
				96DA52FB24F41C2A0012DA75 /* Release */,
			);
			defaultConfigurationIsVisible = 0;
			defaultConfigurationName = Release;
		};
		96DA52FC24F41C2A0012DA75 /* Build configuration list for PBXNativeTarget "Xcalculator" */ = {
			isa = XCConfigurationList;
			buildConfigurations = (
				96DA52FD24F41C2A0012DA75 /* Debug */,
				96DA52FE24F41C2A0012DA75 /* Release */,
			);
			defaultConfigurationIsVisible = 0;
			defaultConfigurationName = Release;
		};
/* End XCConfigurationList section */

/* Begin XCVersionGroup section */
		9671940025054D8E001DF161 /* Xcalculator.xcdatamodeld */ = {
			isa = XCVersionGroup;
			children = (
				9671940125054D8E001DF161 /* Xcalculator.xcdatamodel */,
			);
			currentVersion = 9671940125054D8E001DF161 /* Xcalculator.xcdatamodel */;
			path = Xcalculator.xcdatamodeld;
			sourceTree = "<group>";
			versionGroupType = wrapper.xcdatamodel;
		};
/* End XCVersionGroup section */
	};
	rootObject = 96DA52E024F41C270012DA75 /* Project object */;
}
